{
    "name": "@bazel/typescript",
    "version": "0.7.0",
    "lockfileVersion": 1,
    "requires": true,
    "dependencies": {
        "angular": {
            "version": "1.6.7",
            "resolved": "https://registry.npmjs.org/angular/-/angular-1.6.7.tgz",
            "integrity": "sha1-D4mDfa4XdrAcyx+iCW2w2Tc9mJc="
        },
        "angularjs-example": {
            "version": "file:examples/angularjs",
            "requires": {
                "angular": "1.6.7",
                "typescript": "2.5.3"
            }
        },
        "typescript": {
            "version": "2.5.3",
            "resolved": "https://registry.npmjs.org/typescript/-/typescript-2.5.3.tgz",
            "integrity": "sha512-ptLSQs2S4QuS6/OD1eAKG+S5G8QQtrU5RT32JULdZQtM1L3WTi34Wsu48Yndzi8xsObRAB9RPt/KhA9wlpEF6w=="
        }
    }
}
