# THIS IS AN AUTOGENERATED FILE. DO NOT EDIT THIS FILE DIRECTLY.
# yarn lockfile v1


"@types/commander@^2.11.0":
  version "2.11.0"
  resolved "https://registry.yarnpkg.com/@types/commander/-/commander-2.11.0.tgz#7fc765ccad14827e2babd6a99583359ff3e40563"
  dependencies:
    "@types/node" "*"

"@types/node@*":
  version "8.0.53"
  resolved "https://registry.yarnpkg.com/@types/node/-/node-8.0.53.tgz#396b35af826fa66aad472c8cb7b8d5e277f4e6d8"

commander@^2.11.0:
  version "2.11.0"
  resolved "https://registry.yarnpkg.com/commander/-/commander-2.11.0.tgz#157152fd1e7a6c8d98a5b715cf376df928004563"
